
Microsoft Visual Studio Solution File, Format Version 12.00
# Visual Studio Version 16
VisualStudioVersion = 16.0.31613.86
MinimumVisualStudioVersion = 10.0.40219.1
Project("{FAE04EC0-301F-11D3-BF4B-00C04F79EFBC}") = "KomodoOutings.Console", "KomodoOutings.Console\KomodoOutings.Console.csproj", "{DD4736D3-5DAA-437D-BEC2-FD21DA4A3495}"
EndProject
Project("{FAE04EC0-301F-11D3-BF4B-00C04F79EFBC}") = "KomodoOutings.Library", "KomodoOutings.Library\KomodoOutings.Library.csproj", "{F46F709C-3D36-4F9D-976E-2A28BCF2BBA2}"
EndProject
Project("{FAE04EC0-301F-11D3-BF4B-00C04F79EFBC}") = "KomodoOutings.Tests", "KomodoOutings.Tests\KomodoOutings.Tests.csproj", "{1D80C353-81E4-4C9A-8FA3-7E1FA4282356}"
EndProject
Global
	GlobalSection(SolutionConfigurationPlatforms) = preSolution
		Debug|Any CPU = Debug|Any CPU
		Release|Any CPU = Release|Any CPU
	EndGlobalSection
	GlobalSection(ProjectConfigurationPlatforms) = postSolution
		{DD4736D3-5DAA-437D-BEC2-FD21DA4A3495}.Debug|Any CPU.ActiveCfg = Debug|Any CPU
		{DD4736D3-5DAA-437D-BEC2-FD21DA4A3495}.Debug|Any CPU.Build.0 = Debug|Any CPU
		{DD4736D3-5DAA-437D-BEC2-FD21DA4A3495}.Release|Any CPU.ActiveCfg = Release|Any CPU
		{DD4736D3-5DAA-437D-BEC2-FD21DA4A3495}.Release|Any CPU.Build.0 = Release|Any CPU
		{F46F709C-3D36-4F9D-976E-2A28BCF2BBA2}.Debug|Any CPU.ActiveCfg = Debug|Any CPU
		{F46F709C-3D36-4F9D-976E-2A28BCF2BBA2}.Debug|Any CPU.Build.0 = Debug|Any CPU
		{F46F709C-3D36-4F9D-976E-2A28BCF2BBA2}.Release|Any CPU.ActiveCfg = Release|Any CPU
		{F46F709C-3D36-4F9D-976E-2A28BCF2BBA2}.Release|Any CPU.Build.0 = Release|Any CPU
		{1D80C353-81E4-4C9A-8FA3-7E1FA4282356}.Debug|Any CPU.ActiveCfg = Debug|Any CPU
		{1D80C353-81E4-4C9A-8FA3-7E1FA4282356}.Debug|Any CPU.Build.0 = Debug|Any CPU
		{1D80C353-81E4-4C9A-8FA3-7E1FA4282356}.Release|Any CPU.ActiveCfg = Release|Any CPU
		{1D80C353-81E4-4C9A-8FA3-7E1FA4282356}.Release|Any CPU.Build.0 = Release|Any CPU
	EndGlobalSection
	GlobalSection(SolutionProperties) = preSolution
		HideSolutionNode = FALSE
	EndGlobalSection
	GlobalSection(ExtensibilityGlobals) = postSolution
		SolutionGuid = {1B9AB454-903E-48C9-9BDE-FA5F9AF0F93F}
	EndGlobalSection
EndGlobal
